// !$*UTF8*$!
{
	archiveVersion = 1;
	classes = {
	};
	objectVersion = 56;
	objects = {

/* Begin PBXBuildFile section */
		D537A02A2A3D4D31007BDAEC /* AppDelegate.swift in Sources */ = {isa = PBXBuildFile; fileRef = D537A0292A3D4D31007BDAEC /* AppDelegate.swift */; };
		D537A02C2A3D4D31007BDAEC /* SceneDelegate.swift in Sources */ = {isa = PBXBuildFile; fileRef = D537A02B2A3D4D31007BDAEC /* SceneDelegate.swift */; };
		D537A0312A3D4D31007BDAEC /* Main.storyboard in Resources */ = {isa = PBXBuildFile; fileRef = D537A02F2A3D4D31007BDAEC /* Main.storyboard */; };
		D537A0332A3D4D33007BDAEC /* Assets.xcassets in Resources */ = {isa = PBXBuildFile; fileRef = D537A0322A3D4D33007BDAEC /* Assets.xcassets */; };
		D537A0362A3D4D33007BDAEC /* LaunchScreen.storyboard in Resources */ = {isa = PBXBuildFile; fileRef = D537A0342A3D4D33007BDAEC /* LaunchScreen.storyboard */; };
		D537A0402A3D508C007BDAEC /* ShowSpotFeed.framework in Frameworks */ = {isa = PBXBuildFile; fileRef = D537A03E2A3D508C007BDAEC /* ShowSpotFeed.framework */; };
		D537A0412A3D508C007BDAEC /* ShowSpotFeed.framework in Embed Frameworks */ = {isa = PBXBuildFile; fileRef = D537A03E2A3D508C007BDAEC /* ShowSpotFeed.framework */; settings = {ATTRIBUTES = (CodeSignOnCopy, RemoveHeadersOnCopy, ); }; };
		D537A0422A3D508D007BDAEC /* ShowSpotFeediOS.framework in Frameworks */ = {isa = PBXBuildFile; fileRef = D537A03F2A3D508C007BDAEC /* ShowSpotFeediOS.framework */; };
		D537A0432A3D508D007BDAEC /* ShowSpotFeediOS.framework in Embed Frameworks */ = {isa = PBXBuildFile; fileRef = D537A03F2A3D508C007BDAEC /* ShowSpotFeediOS.framework */; settings = {ATTRIBUTES = (CodeSignOnCopy, RemoveHeadersOnCopy, ); }; };
		D537A0852A3E4254007BDAEC /* FeedUIComposer.swift in Sources */ = {isa = PBXBuildFile; fileRef = D537A0842A3E4253007BDAEC /* FeedUIComposer.swift */; };
		D537A0872A3E4255007BDAEC /* MainQueueDispatchDecorator.swift in Sources */ = {isa = PBXBuildFile; fileRef = D537A0862A3E4255007BDAEC /* MainQueueDispatchDecorator.swift */; };
		D537A0892A3E4260007BDAEC /* WeakRefVirtualProxy.swift in Sources */ = {isa = PBXBuildFile; fileRef = D537A0882A3E4260007BDAEC /* WeakRefVirtualProxy.swift */; };
		D537A08B2A3E42CC007BDAEC /* FeedUIComposer.swift in Sources */ = {isa = PBXBuildFile; fileRef = D537A08A2A3E42CC007BDAEC /* FeedUIComposer.swift */; };
		D537A08D2A3E44A2007BDAEC /* FeedViewAdapter.swift in Sources */ = {isa = PBXBuildFile; fileRef = D537A08C2A3E44A2007BDAEC /* FeedViewAdapter.swift */; };
		D537A08F2A3E44E0007BDAEC /* FeedShowDataLoaderPresentationAdapter.swift in Sources */ = {isa = PBXBuildFile; fileRef = D537A08E2A3E44E0007BDAEC /* FeedShowDataLoaderPresentationAdapter.swift */; };
		D537A0912A3E4502007BDAEC /* FeedLoaderPresentationAdapter.swift in Sources */ = {isa = PBXBuildFile; fileRef = D537A0902A3E4502007BDAEC /* FeedLoaderPresentationAdapter.swift */; };
/* End PBXBuildFile section */

/* Begin PBXCopyFilesBuildPhase section */
		D537A0442A3D508D007BDAEC /* Embed Frameworks */ = {
			isa = PBXCopyFilesBuildPhase;
			buildActionMask = 2147483647;
			dstPath = "";
			dstSubfolderSpec = 10;
			files = (
				D537A0412A3D508C007BDAEC /* ShowSpotFeed.framework in Embed Frameworks */,
				D537A0432A3D508D007BDAEC /* ShowSpotFeediOS.framework in Embed Frameworks */,
			);
			name = "Embed Frameworks";
			runOnlyForDeploymentPostprocessing = 0;
		};
/* End PBXCopyFilesBuildPhase section */

/* Begin PBXFileReference section */
		D537A0262A3D4D31007BDAEC /* ShowSpotApp.app */ = {isa = PBXFileReference; explicitFileType = wrapper.application; includeInIndex = 0; path = ShowSpotApp.app; sourceTree = BUILT_PRODUCTS_DIR; };
		D537A0292A3D4D31007BDAEC /* AppDelegate.swift */ = {isa = PBXFileReference; lastKnownFileType = sourcecode.swift; path = AppDelegate.swift; sourceTree = "<group>"; };
		D537A02B2A3D4D31007BDAEC /* SceneDelegate.swift */ = {isa = PBXFileReference; lastKnownFileType = sourcecode.swift; path = SceneDelegate.swift; sourceTree = "<group>"; };
		D537A0302A3D4D31007BDAEC /* Base */ = {isa = PBXFileReference; lastKnownFileType = file.storyboard; name = Base; path = Base.lproj/Main.storyboard; sourceTree = "<group>"; };
		D537A0322A3D4D33007BDAEC /* Assets.xcassets */ = {isa = PBXFileReference; lastKnownFileType = folder.assetcatalog; path = Assets.xcassets; sourceTree = "<group>"; };
		D537A0352A3D4D33007BDAEC /* Base */ = {isa = PBXFileReference; lastKnownFileType = file.storyboard; name = Base; path = Base.lproj/LaunchScreen.storyboard; sourceTree = "<group>"; };
		D537A0372A3D4D33007BDAEC /* Info.plist */ = {isa = PBXFileReference; lastKnownFileType = text.plist.xml; path = Info.plist; sourceTree = "<group>"; };
		D537A03E2A3D508C007BDAEC /* ShowSpotFeed.framework */ = {isa = PBXFileReference; explicitFileType = wrapper.framework; path = ShowSpotFeed.framework; sourceTree = BUILT_PRODUCTS_DIR; };
		D537A03F2A3D508C007BDAEC /* ShowSpotFeediOS.framework */ = {isa = PBXFileReference; explicitFileType = wrapper.framework; path = ShowSpotFeediOS.framework; sourceTree = BUILT_PRODUCTS_DIR; };
		D537A0842A3E4253007BDAEC /* FeedUIComposer.swift */ = {isa = PBXFileReference; lastKnownFileType = sourcecode.swift; path = FeedUIComposer.swift; sourceTree = "<group>"; };
		D537A0862A3E4255007BDAEC /* MainQueueDispatchDecorator.swift */ = {isa = PBXFileReference; lastKnownFileType = sourcecode.swift; path = MainQueueDispatchDecorator.swift; sourceTree = "<group>"; };
		D537A0882A3E4260007BDAEC /* WeakRefVirtualProxy.swift */ = {isa = PBXFileReference; lastKnownFileType = sourcecode.swift; path = WeakRefVirtualProxy.swift; sourceTree = "<group>"; };
		D537A08A2A3E42CC007BDAEC /* FeedUIComposer.swift */ = {isa = PBXFileReference; lastKnownFileType = sourcecode.swift; path = FeedUIComposer.swift; sourceTree = "<group>"; };
		D537A08C2A3E44A2007BDAEC /* FeedViewAdapter.swift */ = {isa = PBXFileReference; lastKnownFileType = sourcecode.swift; path = FeedViewAdapter.swift; sourceTree = "<group>"; };
		D537A08E2A3E44E0007BDAEC /* FeedShowDataLoaderPresentationAdapter.swift */ = {isa = PBXFileReference; lastKnownFileType = sourcecode.swift; path = FeedShowDataLoaderPresentationAdapter.swift; sourceTree = "<group>"; };
		D537A0902A3E4502007BDAEC /* FeedLoaderPresentationAdapter.swift */ = {isa = PBXFileReference; lastKnownFileType = sourcecode.swift; path = FeedLoaderPresentationAdapter.swift; sourceTree = "<group>"; };
/* End PBXFileReference section */

/* Begin PBXFrameworksBuildPhase section */
		D537A0232A3D4D31007BDAEC /* Frameworks */ = {
			isa = PBXFrameworksBuildPhase;
			buildActionMask = 2147483647;
			files = (
				D537A0402A3D508C007BDAEC /* ShowSpotFeed.framework in Frameworks */,
				D537A0422A3D508D007BDAEC /* ShowSpotFeediOS.framework in Frameworks */,
			);
			runOnlyForDeploymentPostprocessing = 0;
		};
/* End PBXFrameworksBuildPhase section */

/* Begin PBXGroup section */
		D537A01D2A3D4D31007BDAEC = {
			isa = PBXGroup;
			children = (
				D537A0282A3D4D31007BDAEC /* ShowSpotApp */,
				D537A0272A3D4D31007BDAEC /* Products */,
				D537A03D2A3D508C007BDAEC /* Frameworks */,
			);
			sourceTree = "<group>";
		};
		D537A0272A3D4D31007BDAEC /* Products */ = {
			isa = PBXGroup;
			children = (
				D537A0262A3D4D31007BDAEC /* ShowSpotApp.app */,
			);
			name = Products;
			sourceTree = "<group>";
		};
		D537A0282A3D4D31007BDAEC /* ShowSpotApp */ = {
			isa = PBXGroup;
			children = (
				D537A08A2A3E42CC007BDAEC /* FeedUIComposer.swift */,
				D537A0862A3E4255007BDAEC /* MainQueueDispatchDecorator.swift */,
				D537A0842A3E4253007BDAEC /* FeedUIComposer.swift */,
				D537A0292A3D4D31007BDAEC /* AppDelegate.swift */,
				D537A02B2A3D4D31007BDAEC /* SceneDelegate.swift */,
				D537A02F2A3D4D31007BDAEC /* Main.storyboard */,
				D537A0322A3D4D33007BDAEC /* Assets.xcassets */,
				D537A0342A3D4D33007BDAEC /* LaunchScreen.storyboard */,
				D537A0372A3D4D33007BDAEC /* Info.plist */,
				D537A0882A3E4260007BDAEC /* WeakRefVirtualProxy.swift */,
				D537A08C2A3E44A2007BDAEC /* FeedViewAdapter.swift */,
				D537A08E2A3E44E0007BDAEC /* FeedShowDataLoaderPresentationAdapter.swift */,
				D537A0902A3E4502007BDAEC /* FeedLoaderPresentationAdapter.swift */,
			);
			path = ShowSpotApp;
			sourceTree = "<group>";
		};
		D537A03D2A3D508C007BDAEC /* Frameworks */ = {
			isa = PBXGroup;
			children = (
				D537A03E2A3D508C007BDAEC /* ShowSpotFeed.framework */,
				D537A03F2A3D508C007BDAEC /* ShowSpotFeediOS.framework */,
			);
			name = Frameworks;
			sourceTree = "<group>";
		};
/* End PBXGroup section */

/* Begin PBXNativeTarget section */
		D537A0252A3D4D31007BDAEC /* ShowSpotApp */ = {
			isa = PBXNativeTarget;
			buildConfigurationList = D537A03A2A3D4D33007BDAEC /* Build configuration list for PBXNativeTarget "ShowSpotApp" */;
			buildPhases = (
				D537A0222A3D4D31007BDAEC /* Sources */,
				D537A0232A3D4D31007BDAEC /* Frameworks */,
				D537A0242A3D4D31007BDAEC /* Resources */,
				D537A0442A3D508D007BDAEC /* Embed Frameworks */,
			);
			buildRules = (
			);
			dependencies = (
			);
			name = ShowSpotApp;
			productName = ShowSpotApp;
			productReference = D537A0262A3D4D31007BDAEC /* ShowSpotApp.app */;
			productType = "com.apple.product-type.application";
		};
/* End PBXNativeTarget section */

/* Begin PBXProject section */
		D537A01E2A3D4D31007BDAEC /* Project object */ = {
			isa = PBXProject;
			attributes = {
				BuildIndependentTargetsInParallel = 1;
				LastSwiftUpdateCheck = 1430;
				LastUpgradeCheck = 1430;
				TargetAttributes = {
					D537A0252A3D4D31007BDAEC = {
						CreatedOnToolsVersion = 14.3;
					};
				};
			};
			buildConfigurationList = D537A0212A3D4D31007BDAEC /* Build configuration list for PBXProject "ShowSpotApp" */;
			compatibilityVersion = "Xcode 14.0";
			developmentRegion = en;
			hasScannedForEncodings = 0;
			knownRegions = (
				en,
				Base,
			);
			mainGroup = D537A01D2A3D4D31007BDAEC;
			productRefGroup = D537A0272A3D4D31007BDAEC /* Products */;
			projectDirPath = "";
			projectRoot = "";
			targets = (
				D537A0252A3D4D31007BDAEC /* ShowSpotApp */,
			);
		};
/* End PBXProject section */

/* Begin PBXResourcesBuildPhase section */
		D537A0242A3D4D31007BDAEC /* Resources */ = {
			isa = PBXResourcesBuildPhase;
			buildActionMask = 2147483647;
			files = (
				D537A0362A3D4D33007BDAEC /* LaunchScreen.storyboard in Resources */,
				D537A0332A3D4D33007BDAEC /* Assets.xcassets in Resources */,
				D537A0312A3D4D31007BDAEC /* Main.storyboard in Resources */,
			);
			runOnlyForDeploymentPostprocessing = 0;
		};
/* End PBXResourcesBuildPhase section */

/* Begin PBXSourcesBuildPhase section */
		D537A0222A3D4D31007BDAEC /* Sources */ = {
			isa = PBXSourcesBuildPhase;
			buildActionMask = 2147483647;
			files = (
				D537A08D2A3E44A2007BDAEC /* FeedViewAdapter.swift in Sources */,
				D537A08F2A3E44E0007BDAEC /* FeedShowDataLoaderPresentationAdapter.swift in Sources */,
				D537A0872A3E4255007BDAEC /* MainQueueDispatchDecorator.swift in Sources */,
				D537A0912A3E4502007BDAEC /* FeedLoaderPresentationAdapter.swift in Sources */,
				D537A08B2A3E42CC007BDAEC /* FeedUIComposer.swift in Sources */,
				D537A02A2A3D4D31007BDAEC /* AppDelegate.swift in Sources */,
				D537A0892A3E4260007BDAEC /* WeakRefVirtualProxy.swift in Sources */,
				D537A0852A3E4254007BDAEC /* FeedUIComposer.swift in Sources */,
				D537A02C2A3D4D31007BDAEC /* SceneDelegate.swift in Sources */,
			);
			runOnlyForDeploymentPostprocessing = 0;
		};
/* End PBXSourcesBuildPhase section */

/* Begin PBXVariantGroup section */
		D537A02F2A3D4D31007BDAEC /* Main.storyboard */ = {
			isa = PBXVariantGroup;
			children = (
				D537A0302A3D4D31007BDAEC /* Base */,
			);
			name = Main.storyboard;
			sourceTree = "<group>";
		};
		D537A0342A3D4D33007BDAEC /* LaunchScreen.storyboard */ = {
			isa = PBXVariantGroup;
			children = (
				D537A0352A3D4D33007BDAEC /* Base */,
			);
			name = LaunchScreen.storyboard;
			sourceTree = "<group>";
		};
/* End PBXVariantGroup section */

/* Begin XCBuildConfiguration section */
		D537A0382A3D4D33007BDAEC /* Debug */ = {
			isa = XCBuildConfiguration;
			buildSettings = {
				ALWAYS_SEARCH_USER_PATHS = NO;
				CLANG_ANALYZER_NONNULL = YES;
				CLANG_ANALYZER_NUMBER_OBJECT_CONVERSION = YES_AGGRESSIVE;
				CLANG_CXX_LANGUAGE_STANDARD = "gnu++20";
				CLANG_ENABLE_MODULES = YES;
				CLANG_ENABLE_OBJC_ARC = YES;
				CLANG_ENABLE_OBJC_WEAK = YES;
				CLANG_WARN_BLOCK_CAPTURE_AUTORELEASING = YES;
				CLANG_WARN_BOOL_CONVERSION = YES;
				CLANG_WARN_COMMA = YES;
				CLANG_WARN_CONSTANT_CONVERSION = YES;
				CLANG_WARN_DEPRECATED_OBJC_IMPLEMENTATIONS = YES;
				CLANG_WARN_DIRECT_OBJC_ISA_USAGE = YES_ERROR;
				CLANG_WARN_DOCUMENTATION_COMMENTS = YES;
				CLANG_WARN_EMPTY_BODY = YES;
				CLANG_WARN_ENUM_CONVERSION = YES;
				CLANG_WARN_INFINITE_RECURSION = YES;
				CLANG_WARN_INT_CONVERSION = YES;
				CLANG_WARN_NON_LITERAL_NULL_CONVERSION = YES;
				CLANG_WARN_OBJC_IMPLICIT_RETAIN_SELF = YES;
				CLANG_WARN_OBJC_LITERAL_CONVERSION = YES;
				CLANG_WARN_OBJC_ROOT_CLASS = YES_ERROR;
				CLANG_WARN_QUOTED_INCLUDE_IN_FRAMEWORK_HEADER = YES;
				CLANG_WARN_RANGE_LOOP_ANALYSIS = YES;
				CLANG_WARN_STRICT_PROTOTYPES = YES;
				CLANG_WARN_SUSPICIOUS_MOVE = YES;
				CLANG_WARN_UNGUARDED_AVAILABILITY = YES_AGGRESSIVE;
				CLANG_WARN_UNREACHABLE_CODE = YES;
				CLANG_WARN__DUPLICATE_METHOD_MATCH = YES;
				COPY_PHASE_STRIP = NO;
				DEBUG_INFORMATION_FORMAT = dwarf;
				ENABLE_STRICT_OBJC_MSGSEND = YES;
				ENABLE_TESTABILITY = YES;
				GCC_C_LANGUAGE_STANDARD = gnu11;
				GCC_DYNAMIC_NO_PIC = NO;
				GCC_NO_COMMON_BLOCKS = YES;
				GCC_OPTIMIZATION_LEVEL = 0;
				GCC_PREPROCESSOR_DEFINITIONS = (
					"DEBUG=1",
					"$(inherited)",
				);
				GCC_WARN_64_TO_32_BIT_CONVERSION = YES;
				GCC_WARN_ABOUT_RETURN_TYPE = YES_ERROR;
				GCC_WARN_UNDECLARED_SELECTOR = YES;
				GCC_WARN_UNINITIALIZED_AUTOS = YES_AGGRESSIVE;
				GCC_WARN_UNUSED_FUNCTION = YES;
				GCC_WARN_UNUSED_VARIABLE = YES;
				IPHONEOS_DEPLOYMENT_TARGET = 16.4;
				MTL_ENABLE_DEBUG_INFO = INCLUDE_SOURCE;
				MTL_FAST_MATH = YES;
				ONLY_ACTIVE_ARCH = YES;
				SDKROOT = iphoneos;
				SWIFT_ACTIVE_COMPILATION_CONDITIONS = DEBUG;
				SWIFT_OPTIMIZATION_LEVEL = "-Onone";
			};
			name = Debug;
		};
		D537A0392A3D4D33007BDAEC /* Release */ = {
			isa = XCBuildConfiguration;
			buildSettings = {
				ALWAYS_SEARCH_USER_PATHS = NO;
				CLANG_ANALYZER_NONNULL = YES;
				CLANG_ANALYZER_NUMBER_OBJECT_CONVERSION = YES_AGGRESSIVE;
				CLANG_CXX_LANGUAGE_STANDARD = "gnu++20";
				CLANG_ENABLE_MODULES = YES;
				CLANG_ENABLE_OBJC_ARC = YES;
				CLANG_ENABLE_OBJC_WEAK = YES;
				CLANG_WARN_BLOCK_CAPTURE_AUTORELEASING = YES;
				CLANG_WARN_BOOL_CONVERSION = YES;
				CLANG_WARN_COMMA = YES;
				CLANG_WARN_CONSTANT_CONVERSION = YES;
				CLANG_WARN_DEPRECATED_OBJC_IMPLEMENTATIONS = YES;
				CLANG_WARN_DIRECT_OBJC_ISA_USAGE = YES_ERROR;
				CLANG_WARN_DOCUMENTATION_COMMENTS = YES;
				CLANG_WARN_EMPTY_BODY = YES;
				CLANG_WARN_ENUM_CONVERSION = YES;
				CLANG_WARN_INFINITE_RECURSION = YES;
				CLANG_WARN_INT_CONVERSION = YES;
				CLANG_WARN_NON_LITERAL_NULL_CONVERSION = YES;
				CLANG_WARN_OBJC_IMPLICIT_RETAIN_SELF = YES;
				CLANG_WARN_OBJC_LITERAL_CONVERSION = YES;
				CLANG_WARN_OBJC_ROOT_CLASS = YES_ERROR;
				CLANG_WARN_QUOTED_INCLUDE_IN_FRAMEWORK_HEADER = YES;
				CLANG_WARN_RANGE_LOOP_ANALYSIS = YES;
				CLANG_WARN_STRICT_PROTOTYPES = YES;
				CLANG_WARN_SUSPICIOUS_MOVE = YES;
				CLANG_WARN_UNGUARDED_AVAILABILITY = YES_AGGRESSIVE;
				CLANG_WARN_UNREACHABLE_CODE = YES;
				CLANG_WARN__DUPLICATE_METHOD_MATCH = YES;
				COPY_PHASE_STRIP = NO;
				DEBUG_INFORMATION_FORMAT = "dwarf-with-dsym";
				ENABLE_NS_ASSERTIONS = NO;
				ENABLE_STRICT_OBJC_MSGSEND = YES;
				GCC_C_LANGUAGE_STANDARD = gnu11;
				GCC_NO_COMMON_BLOCKS = YES;
				GCC_WARN_64_TO_32_BIT_CONVERSION = YES;
				GCC_WARN_ABOUT_RETURN_TYPE = YES_ERROR;
				GCC_WARN_UNDECLARED_SELECTOR = YES;
				GCC_WARN_UNINITIALIZED_AUTOS = YES_AGGRESSIVE;
				GCC_WARN_UNUSED_FUNCTION = YES;
				GCC_WARN_UNUSED_VARIABLE = YES;
				IPHONEOS_DEPLOYMENT_TARGET = 16.4;
				MTL_ENABLE_DEBUG_INFO = NO;
				MTL_FAST_MATH = YES;
				SDKROOT = iphoneos;
				SWIFT_COMPILATION_MODE = wholemodule;
				SWIFT_OPTIMIZATION_LEVEL = "-O";
				VALIDATE_PRODUCT = YES;
			};
			name = Release;
		};
		D537A03B2A3D4D33007BDAEC /* Debug */ = {
			isa = XCBuildConfiguration;
			buildSettings = {
				ASSETCATALOG_COMPILER_APPICON_NAME = AppIcon;
				ASSETCATALOG_COMPILER_GLOBAL_ACCENT_COLOR_NAME = AccentColor;
				CODE_SIGN_STYLE = Automatic;
				CURRENT_PROJECT_VERSION = 1;
				DEVELOPMENT_TEAM = VJ9FQ76YK4;
				GENERATE_INFOPLIST_FILE = YES;
				INFOPLIST_FILE = ShowSpotApp/Info.plist;
				INFOPLIST_KEY_UIApplicationSupportsIndirectInputEvents = YES;
				INFOPLIST_KEY_UILaunchStoryboardName = LaunchScreen;
				INFOPLIST_KEY_UIMainStoryboardFile = Main;
				INFOPLIST_KEY_UISupportedInterfaceOrientations = UIInterfaceOrientationPortrait;
				LD_RUNPATH_SEARCH_PATHS = (
					"$(inherited)",
					"@executable_path/Frameworks",
				);
				MARKETING_VERSION = 1.0;
				PRODUCT_BUNDLE_IDENTIFIER = nadin.ShowSpotApp;
				PRODUCT_NAME = "$(TARGET_NAME)";
				SWIFT_EMIT_LOC_STRINGS = YES;
				SWIFT_VERSION = 5.0;
				TARGETED_DEVICE_FAMILY = "1,2";
			};
			name = Debug;
		};
		D537A03C2A3D4D33007BDAEC /* Release */ = {
			isa = XCBuildConfiguration;
			buildSettings = {
				ASSETCATALOG_COMPILER_APPICON_NAME = AppIcon;
				ASSETCATALOG_COMPILER_GLOBAL_ACCENT_COLOR_NAME = AccentColor;
				CODE_SIGN_STYLE = Automatic;
				CURRENT_PROJECT_VERSION = 1;
				DEVELOPMENT_TEAM = VJ9FQ76YK4;
				GENERATE_INFOPLIST_FILE = YES;
				INFOPLIST_FILE = ShowSpotApp/Info.plist;
				INFOPLIST_KEY_UIApplicationSupportsIndirectInputEvents = YES;
				INFOPLIST_KEY_UILaunchStoryboardName = LaunchScreen;
				INFOPLIST_KEY_UIMainStoryboardFile = Main;
				INFOPLIST_KEY_UISupportedInterfaceOrientations = UIInterfaceOrientationPortrait;
				LD_RUNPATH_SEARCH_PATHS = (
					"$(inherited)",
					"@executable_path/Frameworks",
				);
				MARKETING_VERSION = 1.0;
				PRODUCT_BUNDLE_IDENTIFIER = nadin.ShowSpotApp;
				PRODUCT_NAME = "$(TARGET_NAME)";
				SWIFT_EMIT_LOC_STRINGS = YES;
				SWIFT_VERSION = 5.0;
				TARGETED_DEVICE_FAMILY = "1,2";
			};
			name = Release;
		};
/* End XCBuildConfiguration section */

/* Begin XCConfigurationList section */
		D537A0212A3D4D31007BDAEC /* Build configuration list for PBXProject "ShowSpotApp" */ = {
			isa = XCConfigurationList;
			buildConfigurations = (
				D537A0382A3D4D33007BDAEC /* Debug */,
				D537A0392A3D4D33007BDAEC /* Release */,
			);
			defaultConfigurationIsVisible = 0;
			defaultConfigurationName = Release;
		};
		D537A03A2A3D4D33007BDAEC /* Build configuration list for PBXNativeTarget "ShowSpotApp" */ = {
			isa = XCConfigurationList;
			buildConfigurations = (
				D537A03B2A3D4D33007BDAEC /* Debug */,
				D537A03C2A3D4D33007BDAEC /* Release */,
			);
			defaultConfigurationIsVisible = 0;
			defaultConfigurationName = Release;
		};
/* End XCConfigurationList section */
	};
	rootObject = D537A01E2A3D4D31007BDAEC /* Project object */;
}
